
Microsoft Visual Studio Solution File, Format Version 12.00
# Visual Studio Version 17
VisualStudioVersion = 17.12.35707.178 d17.12
MinimumVisualStudioVersion = 10.0.40219.1
Project("{FAE04EC0-301F-11D3-BF4B-00C04F79EFBC}") = "ReviewManagementMicroservice.API", "ReviewManagementMicroservice.API\ReviewManagementMicroservice.API.csproj", "{9FF4B6EA-ABAE-4F48-8998-F817CFD28844}"
EndProject
Project("{FAE04EC0-301F-11D3-BF4B-00C04F79EFBC}") = "ReviewManagementMicroservice.Infrastructure", "ReviewManagementMicroservice.Infrastructure\ReviewManagementMicroservice.Infrastructure.csproj", "{98909480-2762-4E85-B985-F43A889EB76D}"
EndProject
Project("{FAE04EC0-301F-11D3-BF4B-00C04F79EFBC}") = "ReviewManagementMicroservice.Core", "ReviewManagementMicroservice.Core\ReviewManagementMicroservice.Core.csproj", "{1856565A-BB8E-4E79-B082-4C55E2A564F9}"
EndProject
Global
	GlobalSection(SolutionConfigurationPlatforms) = preSolution
		Debug|Any CPU = Debug|Any CPU
		Release|Any CPU = Release|Any CPU
	EndGlobalSection
	GlobalSection(ProjectConfigurationPlatforms) = postSolution
		{9FF4B6EA-ABAE-4F48-8998-F817CFD28844}.Debug|Any CPU.ActiveCfg = Debug|Any CPU
		{9FF4B6EA-ABAE-4F48-8998-F817CFD28844}.Debug|Any CPU.Build.0 = Debug|Any CPU
		{9FF4B6EA-ABAE-4F48-8998-F817CFD28844}.Release|Any CPU.ActiveCfg = Release|Any CPU
		{9FF4B6EA-ABAE-4F48-8998-F817CFD28844}.Release|Any CPU.Build.0 = Release|Any CPU
		{98909480-2762-4E85-B985-F43A889EB76D}.Debug|Any CPU.ActiveCfg = Debug|Any CPU
		{98909480-2762-4E85-B985-F43A889EB76D}.Debug|Any CPU.Build.0 = Debug|Any CPU
		{98909480-2762-4E85-B985-F43A889EB76D}.Release|Any CPU.ActiveCfg = Release|Any CPU
		{98909480-2762-4E85-B985-F43A889EB76D}.Release|Any CPU.Build.0 = Release|Any CPU
		{1856565A-BB8E-4E79-B082-4C55E2A564F9}.Debug|Any CPU.ActiveCfg = Debug|Any CPU
		{1856565A-BB8E-4E79-B082-4C55E2A564F9}.Debug|Any CPU.Build.0 = Debug|Any CPU
		{1856565A-BB8E-4E79-B082-4C55E2A564F9}.Release|Any CPU.ActiveCfg = Release|Any CPU
		{1856565A-BB8E-4E79-B082-4C55E2A564F9}.Release|Any CPU.Build.0 = Release|Any CPU
	EndGlobalSection
	GlobalSection(SolutionProperties) = preSolution
		HideSolutionNode = FALSE
	EndGlobalSection
EndGlobal
