
Microsoft Visual Studio Solution File, Format Version 12.00
# Visual Studio Version 17
VisualStudioVersion = 17.12.35707.178 d17.12
MinimumVisualStudioVersion = 10.0.40219.1
Project("{FAE04EC0-301F-11D3-BF4B-00C04F79EFBC}") = "EnrollmentManagementMicroservice.API", "EnrollmentManagementMicroservice.API\EnrollmentManagementMicroservice.API.csproj", "{B64578BF-0D87-45CD-9C19-79DA026B2A03}"
EndProject
Project("{FAE04EC0-301F-11D3-BF4B-00C04F79EFBC}") = "EnrollmentManagementMicroservice.BusinessLayer", "EnrollmentManagementMicroservice.BusinessLayer\EnrollmentManagementMicroservice.BusinessLayer.csproj", "{7893EEBD-3220-4A48-8379-11344E9DBDF2}"
EndProject
Project("{FAE04EC0-301F-11D3-BF4B-00C04F79EFBC}") = "EnrollmentManagementMicroservice.DataAccessLayer", "EnrollmentManagementMicroservice.DataAccessLayer\EnrollmentManagementMicroservice.DataAccessLayer.csproj", "{9F53A011-E413-4A96-895E-1D87D905FCF9}"
EndProject
Global
	GlobalSection(SolutionConfigurationPlatforms) = preSolution
		Debug|Any CPU = Debug|Any CPU
		Release|Any CPU = Release|Any CPU
	EndGlobalSection
	GlobalSection(ProjectConfigurationPlatforms) = postSolution
		{B64578BF-0D87-45CD-9C19-79DA026B2A03}.Debug|Any CPU.ActiveCfg = Debug|Any CPU
		{B64578BF-0D87-45CD-9C19-79DA026B2A03}.Debug|Any CPU.Build.0 = Debug|Any CPU
		{B64578BF-0D87-45CD-9C19-79DA026B2A03}.Release|Any CPU.ActiveCfg = Release|Any CPU
		{B64578BF-0D87-45CD-9C19-79DA026B2A03}.Release|Any CPU.Build.0 = Release|Any CPU
		{7893EEBD-3220-4A48-8379-11344E9DBDF2}.Debug|Any CPU.ActiveCfg = Debug|Any CPU
		{7893EEBD-3220-4A48-8379-11344E9DBDF2}.Debug|Any CPU.Build.0 = Debug|Any CPU
		{7893EEBD-3220-4A48-8379-11344E9DBDF2}.Release|Any CPU.ActiveCfg = Release|Any CPU
		{7893EEBD-3220-4A48-8379-11344E9DBDF2}.Release|Any CPU.Build.0 = Release|Any CPU
		{9F53A011-E413-4A96-895E-1D87D905FCF9}.Debug|Any CPU.ActiveCfg = Debug|Any CPU
		{9F53A011-E413-4A96-895E-1D87D905FCF9}.Debug|Any CPU.Build.0 = Debug|Any CPU
		{9F53A011-E413-4A96-895E-1D87D905FCF9}.Release|Any CPU.ActiveCfg = Release|Any CPU
		{9F53A011-E413-4A96-895E-1D87D905FCF9}.Release|Any CPU.Build.0 = Release|Any CPU
	EndGlobalSection
	GlobalSection(SolutionProperties) = preSolution
		HideSolutionNode = FALSE
	EndGlobalSection
EndGlobal
